
Microsoft Visual Studio Solution File, Format Version 12.00
# Visual Studio Version 17
VisualStudioVersion = 17.8.34322.80
MinimumVisualStudioVersion = 10.0.40219.1
Project("{FAE04EC0-301F-11D3-BF4B-00C04F79EFBC}") = "AssessmentPortal.API", "AssessmentPortal.API\AssessmentPortal.API.csproj", "{925BF36A-2D5C-465E-828B-4B9DB121E8F1}"
EndProject
Project("{FAE04EC0-301F-11D3-BF4B-00C04F79EFBC}") = "AssessmentPortal.Application", "AssessmentPortal.Application\AssessmentPortal.Application.csproj", "{D53212ED-A00A-48C8-9C4A-6365A925250B}"
EndProject
Project("{FAE04EC0-301F-11D3-BF4B-00C04F79EFBC}") = "AssessmentPortal.Domain", "AssessmentPortal.Domain\AssessmentPortal.Domain.csproj", "{96F6A7B7-E2F2-47C3-9273-6A083B1B6F31}"
EndProject
Project("{FAE04EC0-301F-11D3-BF4B-00C04F79EFBC}") = "AssessmentPortal.Infrastructure", "AssessmentPortal.Infrastructure\AssessmentPortal.Infrastructure.csproj", "{68B9FCC8-0269-4647-AA9C-05DCC22DA56F}"
EndProject
Global
	GlobalSection(SolutionConfigurationPlatforms) = preSolution
		Debug|Any CPU = Debug|Any CPU
		Release|Any CPU = Release|Any CPU
	EndGlobalSection
	GlobalSection(ProjectConfigurationPlatforms) = postSolution
		{925BF36A-2D5C-465E-828B-4B9DB121E8F1}.Debug|Any CPU.ActiveCfg = Debug|Any CPU
		{925BF36A-2D5C-465E-828B-4B9DB121E8F1}.Debug|Any CPU.Build.0 = Debug|Any CPU
		{925BF36A-2D5C-465E-828B-4B9DB121E8F1}.Release|Any CPU.ActiveCfg = Release|Any CPU
		{925BF36A-2D5C-465E-828B-4B9DB121E8F1}.Release|Any CPU.Build.0 = Release|Any CPU
		{D53212ED-A00A-48C8-9C4A-6365A925250B}.Debug|Any CPU.ActiveCfg = Debug|Any CPU
		{D53212ED-A00A-48C8-9C4A-6365A925250B}.Debug|Any CPU.Build.0 = Debug|Any CPU
		{D53212ED-A00A-48C8-9C4A-6365A925250B}.Release|Any CPU.ActiveCfg = Release|Any CPU
		{D53212ED-A00A-48C8-9C4A-6365A925250B}.Release|Any CPU.Build.0 = Release|Any CPU
		{96F6A7B7-E2F2-47C3-9273-6A083B1B6F31}.Debug|Any CPU.ActiveCfg = Debug|Any CPU
		{96F6A7B7-E2F2-47C3-9273-6A083B1B6F31}.Debug|Any CPU.Build.0 = Debug|Any CPU
		{96F6A7B7-E2F2-47C3-9273-6A083B1B6F31}.Release|Any CPU.ActiveCfg = Release|Any CPU
		{96F6A7B7-E2F2-47C3-9273-6A083B1B6F31}.Release|Any CPU.Build.0 = Release|Any CPU
		{68B9FCC8-0269-4647-AA9C-05DCC22DA56F}.Debug|Any CPU.ActiveCfg = Debug|Any CPU
		{68B9FCC8-0269-4647-AA9C-05DCC22DA56F}.Debug|Any CPU.Build.0 = Debug|Any CPU
		{68B9FCC8-0269-4647-AA9C-05DCC22DA56F}.Release|Any CPU.ActiveCfg = Release|Any CPU
		{68B9FCC8-0269-4647-AA9C-05DCC22DA56F}.Release|Any CPU.Build.0 = Release|Any CPU
	EndGlobalSection
	GlobalSection(SolutionProperties) = preSolution
		HideSolutionNode = FALSE
	EndGlobalSection
	GlobalSection(ExtensibilityGlobals) = postSolution
		SolutionGuid = {939B2C00-7597-4E8D-94D8-8F5E85ABDB2B}
	EndGlobalSection
EndGlobal
